
Microsoft Visual Studio Solution File, Format Version 12.00
# Visual Studio 15
VisualStudioVersion = 15.0.28010.2048
MinimumVisualStudioVersion = 10.0.40219.1
Project("{9A19103F-16F7-4668-BE54-9A1E7A4F7556}") = "NetModuleParser", "NetModuleParser\NetModuleParser.csproj", "{6C03F440-F3CD-4527-B555-E1BE05D59AF6}"
EndProject
Project("{9A19103F-16F7-4668-BE54-9A1E7A4F7556}") = "TestSolution", "TestSolution\TestSolution.csproj", "{3D07F8B7-F4AD-4EEE-8A44-2E23E7AF995C}"
EndProject
Project("{FAE04EC0-301F-11D3-BF4B-00C04F79EFBC}") = "NetModuleView", "NetModuleView\NetModuleView.csproj", "{6AB76B01-B109-4EC8-8B77-154A0CC4A16D}"
EndProject
Global
	GlobalSection(SolutionConfigurationPlatforms) = preSolution
		Debug|Any CPU = Debug|Any CPU
		Release|Any CPU = Release|Any CPU
	EndGlobalSection
	GlobalSection(ProjectConfigurationPlatforms) = postSolution
		{6C03F440-F3CD-4527-B555-E1BE05D59AF6}.Debug|Any CPU.ActiveCfg = Debug|Any CPU
		{6C03F440-F3CD-4527-B555-E1BE05D59AF6}.Debug|Any CPU.Build.0 = Debug|Any CPU
		{6C03F440-F3CD-4527-B555-E1BE05D59AF6}.Release|Any CPU.ActiveCfg = Release|Any CPU
		{6C03F440-F3CD-4527-B555-E1BE05D59AF6}.Release|Any CPU.Build.0 = Release|Any CPU
		{3D07F8B7-F4AD-4EEE-8A44-2E23E7AF995C}.Debug|Any CPU.ActiveCfg = Debug|Any CPU
		{3D07F8B7-F4AD-4EEE-8A44-2E23E7AF995C}.Debug|Any CPU.Build.0 = Debug|Any CPU
		{3D07F8B7-F4AD-4EEE-8A44-2E23E7AF995C}.Release|Any CPU.ActiveCfg = Release|Any CPU
		{3D07F8B7-F4AD-4EEE-8A44-2E23E7AF995C}.Release|Any CPU.Build.0 = Release|Any CPU
		{6AB76B01-B109-4EC8-8B77-154A0CC4A16D}.Debug|Any CPU.ActiveCfg = Debug|Any CPU
		{6AB76B01-B109-4EC8-8B77-154A0CC4A16D}.Debug|Any CPU.Build.0 = Debug|Any CPU
		{6AB76B01-B109-4EC8-8B77-154A0CC4A16D}.Release|Any CPU.ActiveCfg = Release|Any CPU
		{6AB76B01-B109-4EC8-8B77-154A0CC4A16D}.Release|Any CPU.Build.0 = Release|Any CPU
	EndGlobalSection
	GlobalSection(SolutionProperties) = preSolution
		HideSolutionNode = FALSE
	EndGlobalSection
	GlobalSection(ExtensibilityGlobals) = postSolution
		SolutionGuid = {5B6961AF-3A3C-4189-AE97-E22670581A1F}
	EndGlobalSection
EndGlobal
